
Microsoft Visual Studio Solution File, Format Version 12.00
# Visual Studio Version 17
VisualStudioVersion = 17.10.35013.160
MinimumVisualStudioVersion = 10.0.40219.1
Project("{FAE04EC0-301F-11D3-BF4B-00C04F79EFBC}") = "allerts", "allerts\allerts.csproj", "{9DE6DC11-92EB-4381-ACEE-EC65E436D6CB}"
EndProject
Global
	GlobalSection(SolutionConfigurationPlatforms) = preSolution
		Debug|Any CPU = Debug|Any CPU
		Release|Any CPU = Release|Any CPU
	EndGlobalSection
	GlobalSection(ProjectConfigurationPlatforms) = postSolution
		{9DE6DC11-92EB-4381-ACEE-EC65E436D6CB}.Debug|Any CPU.ActiveCfg = Debug|Any CPU
		{9DE6DC11-92EB-4381-ACEE-EC65E436D6CB}.Debug|Any CPU.Build.0 = Debug|Any CPU
		{9DE6DC11-92EB-4381-ACEE-EC65E436D6CB}.Release|Any CPU.ActiveCfg = Release|Any CPU
		{9DE6DC11-92EB-4381-ACEE-EC65E436D6CB}.Release|Any CPU.Build.0 = Release|Any CPU
	EndGlobalSection
	GlobalSection(SolutionProperties) = preSolution
		HideSolutionNode = FALSE
	EndGlobalSection
	GlobalSection(ExtensibilityGlobals) = postSolution
		SolutionGuid = {CBA92FE6-7BAF-4E22-BDD2-C81E926E4459}
	EndGlobalSection
EndGlobal
